hash: 2f5f48a97b6009751ac1eddc45530ce5a5fc071e6de3280e4ff1ea2076ae0dfd
updated: 2016-08-17T14:33:51.841014323+08:00
imports:
- name: github.com/pkg/errors
  version: 01fa4104b9c248c8945d14d9f128454d5b28d595
- name: github.com/Sirupsen/logrus
  version: 4b6ea7319e214d98c938f12692336f7ca9348d6b
- name: golang.org/x/sys
  version: a646d33e2ee3172a661fc09bca23bb4889a41bc8
  subpackages:
  - unix
testImports: []
